
Microsoft Visual Studio Solution File, Format Version 12.00
# Visual Studio 2012
# SharpDevelop 5.1
VisualStudioVersion = 14.0.25123.0
MinimumVisualStudioVersion = 10.0.40219.1
Project("{FAE04EC0-301F-11D3-BF4B-00C04F79EFBC}") = "KikBot", "KikBot\KikBot.csproj", "{CF688395-D502-42D0-80F0-E5302909AEA6}"
EndProject
Global
	GlobalSection(SolutionConfigurationPlatforms) = preSolution
		Debug|Any CPU = Debug|Any CPU
		Release|Any CPU = Release|Any CPU
	EndGlobalSection
	GlobalSection(ProjectConfigurationPlatforms) = postSolution
		{CF688395-D502-42D0-80F0-E5302909AEA6}.Debug|Any CPU.ActiveCfg = Debug|Any CPU
		{CF688395-D502-42D0-80F0-E5302909AEA6}.Debug|Any CPU.Build.0 = Debug|Any CPU
		{CF688395-D502-42D0-80F0-E5302909AEA6}.Release|Any CPU.ActiveCfg = Release|Any CPU
		{CF688395-D502-42D0-80F0-E5302909AEA6}.Release|Any CPU.Build.0 = Release|Any CPU
	EndGlobalSection
	GlobalSection(SolutionProperties) = preSolution
		HideSolutionNode = FALSE
	EndGlobalSection
EndGlobal
